
Microsoft Visual Studio Solution File, Format Version 12.00
# Visual Studio 15
VisualStudioVersion = 15.0.28307.705
MinimumVisualStudioVersion = 10.0.40219.1
Project("{FAE04EC0-301F-11D3-BF4B-00C04F79EFBC}") = "PartiAppen", "PartiAppen\PartiAppen.csproj", "{42AFD244-F872-4D2B-9E61-2EEC3631A6AF}"
EndProject
Project("{FAE04EC0-301F-11D3-BF4B-00C04F79EFBC}") = "Tools_XNA_dotNET_Framework", "..\..\Alexander_Tools\Tools_XNA_dotNET_Framework\Tools_XNA_dotNET_Framework\Tools_XNA_dotNET_Framework.csproj", "{268B980E-2C5D-4F8F-A578-18FFDF6FB1BE}"
EndProject
Global
	GlobalSection(SolutionConfigurationPlatforms) = preSolution
		Debug|Any CPU = Debug|Any CPU
		Debug|x86 = Debug|x86
		Release|Any CPU = Release|Any CPU
		Release|x86 = Release|x86
	EndGlobalSection
	GlobalSection(ProjectConfigurationPlatforms) = postSolution
		{42AFD244-F872-4D2B-9E61-2EEC3631A6AF}.Debug|Any CPU.ActiveCfg = Debug|x86
		{42AFD244-F872-4D2B-9E61-2EEC3631A6AF}.Debug|x86.ActiveCfg = Debug|x86
		{42AFD244-F872-4D2B-9E61-2EEC3631A6AF}.Debug|x86.Build.0 = Debug|x86
		{42AFD244-F872-4D2B-9E61-2EEC3631A6AF}.Release|Any CPU.ActiveCfg = Release|x86
		{42AFD244-F872-4D2B-9E61-2EEC3631A6AF}.Release|x86.ActiveCfg = Release|x86
		{42AFD244-F872-4D2B-9E61-2EEC3631A6AF}.Release|x86.Build.0 = Release|x86
		{268B980E-2C5D-4F8F-A578-18FFDF6FB1BE}.Debug|Any CPU.ActiveCfg = Debug|Any CPU
		{268B980E-2C5D-4F8F-A578-18FFDF6FB1BE}.Debug|Any CPU.Build.0 = Debug|Any CPU
		{268B980E-2C5D-4F8F-A578-18FFDF6FB1BE}.Debug|x86.ActiveCfg = Debug|Any CPU
		{268B980E-2C5D-4F8F-A578-18FFDF6FB1BE}.Debug|x86.Build.0 = Debug|Any CPU
		{268B980E-2C5D-4F8F-A578-18FFDF6FB1BE}.Release|Any CPU.ActiveCfg = Release|Any CPU
		{268B980E-2C5D-4F8F-A578-18FFDF6FB1BE}.Release|Any CPU.Build.0 = Release|Any CPU
		{268B980E-2C5D-4F8F-A578-18FFDF6FB1BE}.Release|x86.ActiveCfg = Release|Any CPU
		{268B980E-2C5D-4F8F-A578-18FFDF6FB1BE}.Release|x86.Build.0 = Release|Any CPU
	EndGlobalSection
	GlobalSection(SolutionProperties) = preSolution
		HideSolutionNode = FALSE
	EndGlobalSection
	GlobalSection(ExtensibilityGlobals) = postSolution
		SolutionGuid = {9F5D4E7F-A295-4663-9782-8D6E2EFE467A}
	EndGlobalSection
EndGlobal
